
Microsoft Visual Studio Solution File, Format Version 12.00
# Visual Studio 14
VisualStudioVersion = 14.0.23107.0
MinimumVisualStudioVersion = 10.0.40219.1
Project("{FAE04EC0-301F-11D3-BF4B-00C04F79EFBC}") = "SharpAssembler", "SharpAssembler\SharpAssembler.csproj", "{DCE63BFB-2FFE-4396-97AB-95EE3685BE4C}"
EndProject
Project("{FAE04EC0-301F-11D3-BF4B-00C04F79EFBC}") = "OpcodeWriter", "OpcodeWriter\OpcodeWriter.csproj", "{25A0ADE9-766B-4216-BF89-B1A5F78BA0F3}"
EndProject
Project("{FAE04EC0-301F-11D3-BF4B-00C04F79EFBC}") = "OpcodeGenerator", "OpcodeGenerator\OpcodeGenerator.csproj", "{B28F886D-97F4-482B-A38A-EA7EE99B8899}"
EndProject
Global
	GlobalSection(SolutionConfigurationPlatforms) = preSolution
		Debug|Any CPU = Debug|Any CPU
		Debug|Mixed Platforms = Debug|Mixed Platforms
		Debug|x86 = Debug|x86
		Release|Any CPU = Release|Any CPU
		Release|Mixed Platforms = Release|Mixed Platforms
		Release|x86 = Release|x86
	EndGlobalSection
	GlobalSection(ProjectConfigurationPlatforms) = postSolution
		{DCE63BFB-2FFE-4396-97AB-95EE3685BE4C}.Debug|Any CPU.ActiveCfg = Debug|Any CPU
		{DCE63BFB-2FFE-4396-97AB-95EE3685BE4C}.Debug|Any CPU.Build.0 = Debug|Any CPU
		{DCE63BFB-2FFE-4396-97AB-95EE3685BE4C}.Debug|Mixed Platforms.ActiveCfg = Debug|Any CPU
		{DCE63BFB-2FFE-4396-97AB-95EE3685BE4C}.Debug|Mixed Platforms.Build.0 = Debug|Any CPU
		{DCE63BFB-2FFE-4396-97AB-95EE3685BE4C}.Debug|x86.ActiveCfg = Debug|Any CPU
		{DCE63BFB-2FFE-4396-97AB-95EE3685BE4C}.Release|Any CPU.ActiveCfg = Release|Any CPU
		{DCE63BFB-2FFE-4396-97AB-95EE3685BE4C}.Release|Any CPU.Build.0 = Release|Any CPU
		{DCE63BFB-2FFE-4396-97AB-95EE3685BE4C}.Release|Mixed Platforms.ActiveCfg = Release|Any CPU
		{DCE63BFB-2FFE-4396-97AB-95EE3685BE4C}.Release|Mixed Platforms.Build.0 = Release|Any CPU
		{DCE63BFB-2FFE-4396-97AB-95EE3685BE4C}.Release|x86.ActiveCfg = Release|Any CPU
		{25A0ADE9-766B-4216-BF89-B1A5F78BA0F3}.Debug|Any CPU.ActiveCfg = Debug|x86
		{25A0ADE9-766B-4216-BF89-B1A5F78BA0F3}.Debug|Mixed Platforms.ActiveCfg = Debug|x86
		{25A0ADE9-766B-4216-BF89-B1A5F78BA0F3}.Debug|Mixed Platforms.Build.0 = Debug|x86
		{25A0ADE9-766B-4216-BF89-B1A5F78BA0F3}.Debug|x86.ActiveCfg = Debug|x86
		{25A0ADE9-766B-4216-BF89-B1A5F78BA0F3}.Debug|x86.Build.0 = Debug|x86
		{25A0ADE9-766B-4216-BF89-B1A5F78BA0F3}.Release|Any CPU.ActiveCfg = Release|x86
		{25A0ADE9-766B-4216-BF89-B1A5F78BA0F3}.Release|Mixed Platforms.ActiveCfg = Release|x86
		{25A0ADE9-766B-4216-BF89-B1A5F78BA0F3}.Release|Mixed Platforms.Build.0 = Release|x86
		{25A0ADE9-766B-4216-BF89-B1A5F78BA0F3}.Release|x86.ActiveCfg = Release|x86
		{25A0ADE9-766B-4216-BF89-B1A5F78BA0F3}.Release|x86.Build.0 = Release|x86
		{B28F886D-97F4-482B-A38A-EA7EE99B8899}.Debug|Any CPU.ActiveCfg = Debug|Any CPU
		{B28F886D-97F4-482B-A38A-EA7EE99B8899}.Debug|Any CPU.Build.0 = Debug|Any CPU
		{B28F886D-97F4-482B-A38A-EA7EE99B8899}.Debug|Mixed Platforms.ActiveCfg = Debug|Any CPU
		{B28F886D-97F4-482B-A38A-EA7EE99B8899}.Debug|Mixed Platforms.Build.0 = Debug|Any CPU
		{B28F886D-97F4-482B-A38A-EA7EE99B8899}.Debug|x86.ActiveCfg = Debug|Any CPU
		{B28F886D-97F4-482B-A38A-EA7EE99B8899}.Debug|x86.Build.0 = Debug|Any CPU
		{B28F886D-97F4-482B-A38A-EA7EE99B8899}.Release|Any CPU.ActiveCfg = Release|Any CPU
		{B28F886D-97F4-482B-A38A-EA7EE99B8899}.Release|Any CPU.Build.0 = Release|Any CPU
		{B28F886D-97F4-482B-A38A-EA7EE99B8899}.Release|Mixed Platforms.ActiveCfg = Release|Any CPU
		{B28F886D-97F4-482B-A38A-EA7EE99B8899}.Release|Mixed Platforms.Build.0 = Release|Any CPU
		{B28F886D-97F4-482B-A38A-EA7EE99B8899}.Release|x86.ActiveCfg = Release|Any CPU
		{B28F886D-97F4-482B-A38A-EA7EE99B8899}.Release|x86.Build.0 = Release|Any CPU
	EndGlobalSection
	GlobalSection(SolutionProperties) = preSolution
		HideSolutionNode = FALSE
	EndGlobalSection
EndGlobal
